
Microsoft Visual Studio Solution File, Format Version 12.00
# Visual Studio Version 17
VisualStudioVersion = 17.8.34511.84
MinimumVisualStudioVersion = 10.0.40219.1
Project("{FAE04EC0-301F-11D3-BF4B-00C04F79EFBC}") = "schliessanlagen-konfigurator", "schliessanlagen-konfigurator\schliessanlagen-konfigurator.csproj", "{2EAADC48-A3E3-49D8-B5BF-E83ACC70597B}"
EndProject
Global
	GlobalSection(SolutionConfigurationPlatforms) = preSolution
		Debug|Any CPU = Debug|Any CPU
		Release|Any CPU = Release|Any CPU
	EndGlobalSection
	GlobalSection(ProjectConfigurationPlatforms) = postSolution
		{2EAADC48-A3E3-49D8-B5BF-E83ACC70597B}.Debug|Any CPU.ActiveCfg = Debug|Any CPU
		{2EAADC48-A3E3-49D8-B5BF-E83ACC70597B}.Debug|Any CPU.Build.0 = Debug|Any CPU
		{2EAADC48-A3E3-49D8-B5BF-E83ACC70597B}.Release|Any CPU.ActiveCfg = Release|Any CPU
		{2EAADC48-A3E3-49D8-B5BF-E83ACC70597B}.Release|Any CPU.Build.0 = Release|Any CPU
	EndGlobalSection
	GlobalSection(SolutionProperties) = preSolution
		HideSolutionNode = FALSE
	EndGlobalSection
	GlobalSection(ExtensibilityGlobals) = postSolution
		SolutionGuid = {6D8C641E-3859-4837-931A-BE82E2BBBB26}
	EndGlobalSection
EndGlobal
